{
  "name": "portal-app",
  "version": "0.0.1",
  "lockfileVersion": 1,
  "requires": true,
  "dependencies": {
    "@ngrx/core": {
      "version": "1.2.0",
      "resolved": "https://registry.npmjs.org/@ngrx/core/-/core-1.2.0.tgz",
      "integrity": "sha1-iCtGq6+i4ObYh8txobLC+j5tDcY="
    },
    "@ngrx/store": {
      "version": "4.0.0",
      "resolved": "https://registry.npmjs.org/@ngrx/store/-/store-4.0.0.tgz",
      "integrity": "sha1-cU2CBW8OsxUYyoWmilz+z8EsxQs="
    }
  }
}
